// !$*UTF8*$!
{
	archiveVersion = 1;
	classes = {
	};
	objectVersion = 50;
	objects = {

/* Begin PBXBuildFile section */
		7D082E12224B5B68002B6EC0 /* AppDelegate.m in Sources */ = {isa = PBXBuildFile; fileRef = 7D082E11224B5B68002B6EC0 /* AppDelegate.m */; };
		7D082E15224B5B68002B6EC0 /* ViewController.m in Sources */ = {isa = PBXBuildFile; fileRef = 7D082E14224B5B68002B6EC0 /* ViewController.m */; };
		7D082E18224B5B68002B6EC0 /* Main.storyboard in Resources */ = {isa = PBXBuildFile; fileRef = 7D082E16224B5B68002B6EC0 /* Main.storyboard */; };
		7D082E1A224B5B6B002B6EC0 /* Assets.xcassets in Resources */ = {isa = PBXBuildFile; fileRef = 7D082E19224B5B6B002B6EC0 /* Assets.xcassets */; };
		7D082E1D224B5B6B002B6EC0 /* LaunchScreen.storyboard in Resources */ = {isa = PBXBuildFile; fileRef = 7D082E1B224B5B6B002B6EC0 /* LaunchScreen.storyboard */; };
		7D082E20224B5B6B002B6EC0 /* main.m in Sources */ = {isa = PBXBuildFile; fileRef = 7D082E1F224B5B6B002B6EC0 /* main.m */; };
/* End PBXBuildFile section */

/* Begin PBXFileReference section */
		7D082E0D224B5B68002B6EC0 /* CopyTest2.app */ = {isa = PBXFileReference; explicitFileType = wrapper.application; includeInIndex = 0; path = CopyTest2.app; sourceTree = BUILT_PRODUCTS_DIR; };
		7D082E10224B5B68002B6EC0 /* AppDelegate.h */ = {isa = PBXFileReference; lastKnownFileType = sourcecode.c.h; path = AppDelegate.h; sourceTree = "<group>"; };
		7D082E11224B5B68002B6EC0 /* AppDelegate.m */ = {isa = PBXFileReference; lastKnownFileType = sourcecode.c.objc; path = AppDelegate.m; sourceTree = "<group>"; };
		7D082E13224B5B68002B6EC0 /* ViewController.h */ = {isa = PBXFileReference; lastKnownFileType = sourcecode.c.h; path = ViewController.h; sourceTree = "<group>"; };
		7D082E14224B5B68002B6EC0 /* ViewController.m */ = {isa = PBXFileReference; lastKnownFileType = sourcecode.c.objc; path = ViewController.m; sourceTree = "<group>"; };
		7D082E17224B5B68002B6EC0 /* Base */ = {isa = PBXFileReference; lastKnownFileType = file.storyboard; name = Base; path = Base.lproj/Main.storyboard; sourceTree = "<group>"; };
		7D082E19224B5B6B002B6EC0 /* Assets.xcassets */ = {isa = PBXFileReference; lastKnownFileType = folder.assetcatalog; path = Assets.xcassets; sourceTree = "<group>"; };
		7D082E1C224B5B6B002B6EC0 /* Base */ = {isa = PBXFileReference; lastKnownFileType = file.storyboard; name = Base; path = Base.lproj/LaunchScreen.storyboard; sourceTree = "<group>"; };
		7D082E1E224B5B6B002B6EC0 /* Info.plist */ = {isa = PBXFileReference; lastKnownFileType = text.plist.xml; path = Info.plist; sourceTree = "<group>"; };
		7D082E1F224B5B6B002B6EC0 /* main.m */ = {isa = PBXFileReference; lastKnownFileType = sourcecode.c.objc; path = main.m; sourceTree = "<group>"; };
/* End PBXFileReference section */

/* Begin PBXFrameworksBuildPhase section */
		7D082E0A224B5B68002B6EC0 /* Frameworks */ = {
			isa = PBXFrameworksBuildPhase;
			buildActionMask = 2147483647;
			files = (
			);
			runOnlyForDeploymentPostprocessing = 0;
		};
/* End PBXFrameworksBuildPhase section */

/* Begin PBXGroup section */
		7D082E04224B5B68002B6EC0 = {
			isa = PBXGroup;
			children = (
				7D082E0F224B5B68002B6EC0 /* CopyTest2 */,
				7D082E0E224B5B68002B6EC0 /* Products */,
			);
			sourceTree = "<group>";
		};
		7D082E0E224B5B68002B6EC0 /* Products */ = {
			isa = PBXGroup;
			children = (
				7D082E0D224B5B68002B6EC0 /* CopyTest2.app */,
			);
			name = Products;
			sourceTree = "<group>";
		};
		7D082E0F224B5B68002B6EC0 /* CopyTest2 */ = {
			isa = PBXGroup;
			children = (
				7D082E10224B5B68002B6EC0 /* AppDelegate.h */,
				7D082E11224B5B68002B6EC0 /* AppDelegate.m */,
				7D082E13224B5B68002B6EC0 /* ViewController.h */,
				7D082E14224B5B68002B6EC0 /* ViewController.m */,
				7D082E16224B5B68002B6EC0 /* Main.storyboard */,
				7D082E19224B5B6B002B6EC0 /* Assets.xcassets */,
				7D082E1B224B5B6B002B6EC0 /* LaunchScreen.storyboard */,
				7D082E1E224B5B6B002B6EC0 /* Info.plist */,
				7D082E1F224B5B6B002B6EC0 /* main.m */,
			);
			path = CopyTest2;
			sourceTree = "<group>";
		};
/* End PBXGroup section */

/* Begin PBXNativeTarget section */
		7D082E0C224B5B68002B6EC0 /* CopyTest2 */ = {
			isa = PBXNativeTarget;
			buildConfigurationList = 7D082E23224B5B6B002B6EC0 /* Build configuration list for PBXNativeTarget "CopyTest2" */;
			buildPhases = (
				7D082E09224B5B68002B6EC0 /* Sources */,
				7D082E0A224B5B68002B6EC0 /* Frameworks */,
				7D082E0B224B5B68002B6EC0 /* Resources */,
			);
			buildRules = (
			);
			dependencies = (
			);
			name = CopyTest2;
			productName = CopyTest2;
			productReference = 7D082E0D224B5B68002B6EC0 /* CopyTest2.app */;
			productType = "com.apple.product-type.application";
		};
/* End PBXNativeTarget section */

/* Begin PBXProject section */
		7D082E05224B5B68002B6EC0 /* Project object */ = {
			isa = PBXProject;
			attributes = {
				LastUpgradeCheck = 1010;
				ORGANIZATIONNAME = yongping;
				TargetAttributes = {
					7D082E0C224B5B68002B6EC0 = {
						CreatedOnToolsVersion = 10.1;
					};
				};
			};
			buildConfigurationList = 7D082E08224B5B68002B6EC0 /* Build configuration list for PBXProject "CopyTest2" */;
			compatibilityVersion = "Xcode 9.3";
			developmentRegion = en;
			hasScannedForEncodings = 0;
			knownRegions = (
				en,
				Base,
			);
			mainGroup = 7D082E04224B5B68002B6EC0;
			productRefGroup = 7D082E0E224B5B68002B6EC0 /* Products */;
			projectDirPath = "";
			projectRoot = "";
			targets = (
				7D082E0C224B5B68002B6EC0 /* CopyTest2 */,
			);
		};
/* End PBXProject section */

/* Begin PBXResourcesBuildPhase section */
		7D082E0B224B5B68002B6EC0 /* Resources */ = {
			isa = PBXResourcesBuildPhase;
			buildActionMask = 2147483647;
			files = (
				7D082E1D224B5B6B002B6EC0 /* LaunchScreen.storyboard in Resources */,
				7D082E1A224B5B6B002B6EC0 /* Assets.xcassets in Resources */,
				7D082E18224B5B68002B6EC0 /* Main.storyboard in Resources */,
			);
			runOnlyForDeploymentPostprocessing = 0;
		};
/* End PBXResourcesBuildPhase section */

/* Begin PBXSourcesBuildPhase section */
		7D082E09224B5B68002B6EC0 /* Sources */ = {
			isa = PBXSourcesBuildPhase;
			buildActionMask = 2147483647;
			files = (
				7D082E15224B5B68002B6EC0 /* ViewController.m in Sources */,
				7D082E20224B5B6B002B6EC0 /* main.m in Sources */,
				7D082E12224B5B68002B6EC0 /* AppDelegate.m in Sources */,
			);
			runOnlyForDeploymentPostprocessing = 0;
		};
/* End PBXSourcesBuildPhase section */

/* Begin PBXVariantGroup section */
		7D082E16224B5B68002B6EC0 /* Main.storyboard */ = {
			isa = PBXVariantGroup;
			children = (
				7D082E17224B5B68002B6EC0 /* Base */,
			);
			name = Main.storyboard;
			sourceTree = "<group>";
		};
		7D082E1B224B5B6B002B6EC0 /* LaunchScreen.storyboard */ = {
			isa = PBXVariantGroup;
			children = (
				7D082E1C224B5B6B002B6EC0 /* Base */,
			);
			name = LaunchScreen.storyboard;
			sourceTree = "<group>";
		};
/* End PBXVariantGroup section */

/* Begin XCBuildConfiguration section */
		7D082E21224B5B6B002B6EC0 /* Debug */ = {
			isa = XCBuildConfiguration;
			buildSettings = {
				ALWAYS_SEARCH_USER_PATHS = NO;
				CLANG_ANALYZER_NONNULL = YES;
				CLANG_ANALYZER_NUMBER_OBJECT_CONVERSION = YES_AGGRESSIVE;
				CLANG_CXX_LANGUAGE_STANDARD = "gnu++14";
				CLANG_CXX_LIBRARY = "libc++";
				CLANG_ENABLE_MODULES = YES;
				CLANG_ENABLE_OBJC_ARC = YES;
				CLANG_ENABLE_OBJC_WEAK = YES;
				CLANG_WARN_BLOCK_CAPTURE_AUTORELEASING = YES;
				CLANG_WARN_BOOL_CONVERSION = YES;
				CLANG_WARN_COMMA = YES;
				CLANG_WARN_CONSTANT_CONVERSION = YES;
				CLANG_WARN_DEPRECATED_OBJC_IMPLEMENTATIONS = YES;
				CLANG_WARN_DIRECT_OBJC_ISA_USAGE = YES_ERROR;
				CLANG_WARN_DOCUMENTATION_COMMENTS = YES;
				CLANG_WARN_EMPTY_BODY = YES;
				CLANG_WARN_ENUM_CONVERSION = YES;
				CLANG_WARN_INFINITE_RECURSION = YES;
				CLANG_WARN_INT_CONVERSION = YES;
				CLANG_WARN_NON_LITERAL_NULL_CONVERSION = YES;
				CLANG_WARN_OBJC_IMPLICIT_RETAIN_SELF = YES;
				CLANG_WARN_OBJC_LITERAL_CONVERSION = YES;
				CLANG_WARN_OBJC_ROOT_CLASS = YES_ERROR;
				CLANG_WARN_RANGE_LOOP_ANALYSIS = YES;
				CLANG_WARN_STRICT_PROTOTYPES = YES;
				CLANG_WARN_SUSPICIOUS_MOVE = YES;
				CLANG_WARN_UNGUARDED_AVAILABILITY = YES_AGGRESSIVE;
				CLANG_WARN_UNREACHABLE_CODE = YES;
				CLANG_WARN__DUPLICATE_METHOD_MATCH = YES;
				CODE_SIGN_IDENTITY = "iPhone Developer";
				COPY_PHASE_STRIP = NO;
				DEBUG_INFORMATION_FORMAT = dwarf;
				ENABLE_STRICT_OBJC_MSGSEND = YES;
				ENABLE_TESTABILITY = YES;
				GCC_C_LANGUAGE_STANDARD = gnu11;
				GCC_DYNAMIC_NO_PIC = NO;
				GCC_NO_COMMON_BLOCKS = YES;
				GCC_OPTIMIZATION_LEVEL = 0;
				GCC_PREPROCESSOR_DEFINITIONS = (
					"DEBUG=1",
					"$(inherited)",
				);
				GCC_WARN_64_TO_32_BIT_CONVERSION = YES;
				GCC_WARN_ABOUT_RETURN_TYPE = YES_ERROR;
				GCC_WARN_UNDECLARED_SELECTOR = YES;
				GCC_WARN_UNINITIALIZED_AUTOS = YES_AGGRESSIVE;
				GCC_WARN_UNUSED_FUNCTION = YES;
				GCC_WARN_UNUSED_VARIABLE = YES;
				IPHONEOS_DEPLOYMENT_TARGET = 12.1;
				MTL_ENABLE_DEBUG_INFO = INCLUDE_SOURCE;
				MTL_FAST_MATH = YES;
				ONLY_ACTIVE_ARCH = YES;
				SDKROOT = iphoneos;
			};
			name = Debug;
		};
		7D082E22224B5B6B002B6EC0 /* Release */ = {
			isa = XCBuildConfiguration;
			buildSettings = {
				ALWAYS_SEARCH_USER_PATHS = NO;
				CLANG_ANALYZER_NONNULL = YES;
				CLANG_ANALYZER_NUMBER_OBJECT_CONVERSION = YES_AGGRESSIVE;
				CLANG_CXX_LANGUAGE_STANDARD = "gnu++14";
				CLANG_CXX_LIBRARY = "libc++";
				CLANG_ENABLE_MODULES = YES;
				CLANG_ENABLE_OBJC_ARC = YES;
				CLANG_ENABLE_OBJC_WEAK = YES;
				CLANG_WARN_BLOCK_CAPTURE_AUTORELEASING = YES;
				CLANG_WARN_BOOL_CONVERSION = YES;
				CLANG_WARN_COMMA = YES;
				CLANG_WARN_CONSTANT_CONVERSION = YES;
				CLANG_WARN_DEPRECATED_OBJC_IMPLEMENTATIONS = YES;
				CLANG_WARN_DIRECT_OBJC_ISA_USAGE = YES_ERROR;
				CLANG_WARN_DOCUMENTATION_COMMENTS = YES;
				CLANG_WARN_EMPTY_BODY = YES;
				CLANG_WARN_ENUM_CONVERSION = YES;
				CLANG_WARN_INFINITE_RECURSION = YES;
				CLANG_WARN_INT_CONVERSION = YES;
				CLANG_WARN_NON_LITERAL_NULL_CONVERSION = YES;
				CLANG_WARN_OBJC_IMPLICIT_RETAIN_SELF = YES;
				CLANG_WARN_OBJC_LITERAL_CONVERSION = YES;
				CLANG_WARN_OBJC_ROOT_CLASS = YES_ERROR;
				CLANG_WARN_RANGE_LOOP_ANALYSIS = YES;
				CLANG_WARN_STRICT_PROTOTYPES = YES;
				CLANG_WARN_SUSPICIOUS_MOVE = YES;
				CLANG_WARN_UNGUARDED_AVAILABILITY = YES_AGGRESSIVE;
				CLANG_WARN_UNREACHABLE_CODE = YES;
				CLANG_WARN__DUPLICATE_METHOD_MATCH = YES;
				CODE_SIGN_IDENTITY = "iPhone Developer";
				COPY_PHASE_STRIP = NO;
				DEBUG_INFORMATION_FORMAT = "dwarf-with-dsym";
				ENABLE_NS_ASSERTIONS = NO;
				ENABLE_STRICT_OBJC_MSGSEND = YES;
				GCC_C_LANGUAGE_STANDARD = gnu11;
				GCC_NO_COMMON_BLOCKS = YES;
				GCC_WARN_64_TO_32_BIT_CONVERSION = YES;
				GCC_WARN_ABOUT_RETURN_TYPE = YES_ERROR;
				GCC_WARN_UNDECLARED_SELECTOR = YES;
				GCC_WARN_UNINITIALIZED_AUTOS = YES_AGGRESSIVE;
				GCC_WARN_UNUSED_FUNCTION = YES;
				GCC_WARN_UNUSED_VARIABLE = YES;
				IPHONEOS_DEPLOYMENT_TARGET = 12.1;
				MTL_ENABLE_DEBUG_INFO = NO;
				MTL_FAST_MATH = YES;
				SDKROOT = iphoneos;
				VALIDATE_PRODUCT = YES;
			};
			name = Release;
		};
		7D082E24224B5B6B002B6EC0 /* Debug */ = {
			isa = XCBuildConfiguration;
			buildSettings = {
				ASSETCATALOG_COMPILER_APPICON_NAME = AppIcon;
				CODE_SIGN_STYLE = Automatic;
				DEVELOPMENT_TEAM = RLV5E2EH99;
				INFOPLIST_FILE = CopyTest2/Info.plist;
				LD_RUNPATH_SEARCH_PATHS = (
					"$(inherited)",
					"@executable_path/Frameworks",
				);
				PRODUCT_BUNDLE_IDENTIFIER = com.jackcat.CopyTest2;
				PRODUCT_NAME = "$(TARGET_NAME)";
				TARGETED_DEVICE_FAMILY = "1,2";
			};
			name = Debug;
		};
		7D082E25224B5B6B002B6EC0 /* Release */ = {
			isa = XCBuildConfiguration;
			buildSettings = {
				ASSETCATALOG_COMPILER_APPICON_NAME = AppIcon;
				CODE_SIGN_STYLE = Automatic;
				DEVELOPMENT_TEAM = RLV5E2EH99;
				INFOPLIST_FILE = CopyTest2/Info.plist;
				LD_RUNPATH_SEARCH_PATHS = (
					"$(inherited)",
					"@executable_path/Frameworks",
				);
				PRODUCT_BUNDLE_IDENTIFIER = com.jackcat.CopyTest2;
				PRODUCT_NAME = "$(TARGET_NAME)";
				TARGETED_DEVICE_FAMILY = "1,2";
			};
			name = Release;
		};
/* End XCBuildConfiguration section */

/* Begin XCConfigurationList section */
		7D082E08224B5B68002B6EC0 /* Build configuration list for PBXProject "CopyTest2" */ = {
			isa = XCConfigurationList;
			buildConfigurations = (
				7D082E21224B5B6B002B6EC0 /* Debug */,
				7D082E22224B5B6B002B6EC0 /* Release */,
			);
			defaultConfigurationIsVisible = 0;
			defaultConfigurationName = Release;
		};
		7D082E23224B5B6B002B6EC0 /* Build configuration list for PBXNativeTarget "CopyTest2" */ = {
			isa = XCConfigurationList;
			buildConfigurations = (
				7D082E24224B5B6B002B6EC0 /* Debug */,
				7D082E25224B5B6B002B6EC0 /* Release */,
			);
			defaultConfigurationIsVisible = 0;
			defaultConfigurationName = Release;
		};
/* End XCConfigurationList section */
	};
	rootObject = 7D082E05224B5B68002B6EC0 /* Project object */;
}
