// !$*UTF8*$!
{
	archiveVersion = 1;
	classes = {
	};
	objectVersion = 50;
	objects = {

/* Begin PBXBuildFile section */
		7D082E12224B5B68002B6EC0 /* AppDelegate.m in Sources */ = {isa = PBXBuildFile; fileRef = 7D082E11224B5B68002B6EC0 /* AppDelegate.m */; };
		7D082E15224B5B68002B6EC0 /* ViewController.m in Sources */ = {isa = PBXBuildFile; fileRef = 7D082E14224B5B68002B6EC0 /* ViewController.m */; };
		7D082E18224B5B68002B6EC0 /* Main.storyboard in Resources */ = {isa = PBXBuildFile; fileRef = 7D082E16224B5B68002B6EC0 /* Main.storyboard */; };
		7D082E1A224B5B6B002B6EC0 /* Assets.xcassets in Resources */ = {isa = PBXBuildFile; fileRef = 7D082E19224B5B6B002B6EC0 /* Assets.xcassets */; };
		7D082E1D224B5B6B002B6EC0 /* LaunchScreen.storyboard in Resources */ = {isa = PBXBuildFile; fileRef = 7D082E1B224B5B6B002B6EC0 /* LaunchScreen.storyboard */; };
		7D082E20224B5B6B002B6EC0 /* main.m in Sources */ = {isa = PBXBuildFile; fileRef = 7D082E1F224B5B6B002B6EC0 /* main.m */; };
		7D082E2A224B5B96002B6EC0 /* Item.m in Sources */ = {isa = PBXBuildFile; fileRef = 7D082E26224B5B95002B6EC0 /* Item.m */; };
		7D082E2B224B5B96002B6EC0 /* Test.m in Sources */ = {isa = PBXBuildFile; fileRef = 7D082E27224B5B96002B6EC0 /* Test.m */; };
		7D082E72224CBFE2002B6EC0 /* Person.m in Sources */ = {isa = PBXBuildFile; fileRef = 7D082E71224CBFE2002B6EC0 /* Person.m */; };
		7D24ECAB224E1A87009AF201 /* NSObject+JCS_DeepCopy.m in Sources */ = {isa = PBXBuildFile; fileRef = 7D24ECAA224E1A87009AF201 /* NSObject+JCS_DeepCopy.m */; };
		7D24ECAE22510042009AF201 /* Student.m in Sources */ = {isa = PBXBuildFile; fileRef = 7D24ECAD22510042009AF201 /* Student.m */; };
		7D24ECB1225100A7009AF201 /* ClassRoom.m in Sources */ = {isa = PBXBuildFile; fileRef = 7D24ECB0225100A7009AF201 /* ClassRoom.m */; };
		8DC2BE529BED981C5FCD4CA8 /* Pods_CopyTest2.framework in Frameworks */ = {isa = PBXBuildFile; fileRef = A8FD289F7856EB1954F5B7C0 /* Pods_CopyTest2.framework */; };
/* End PBXBuildFile section */

/* Begin PBXFileReference section */
		2C34CB8FE255717E3C98AB2F /* Pods-CopyTest2.release.xcconfig */ = {isa = PBXFileReference; includeInIndex = 1; lastKnownFileType = text.xcconfig; name = "Pods-CopyTest2.release.xcconfig"; path = "Pods/Target Support Files/Pods-CopyTest2/Pods-CopyTest2.release.xcconfig"; sourceTree = "<group>"; };
		7D082E0D224B5B68002B6EC0 /* CopyTest2.app */ = {isa = PBXFileReference; explicitFileType = wrapper.application; includeInIndex = 0; path = CopyTest2.app; sourceTree = BUILT_PRODUCTS_DIR; };
		7D082E10224B5B68002B6EC0 /* AppDelegate.h */ = {isa = PBXFileReference; lastKnownFileType = sourcecode.c.h; path = AppDelegate.h; sourceTree = "<group>"; };
		7D082E11224B5B68002B6EC0 /* AppDelegate.m */ = {isa = PBXFileReference; lastKnownFileType = sourcecode.c.objc; path = AppDelegate.m; sourceTree = "<group>"; };
		7D082E13224B5B68002B6EC0 /* ViewController.h */ = {isa = PBXFileReference; lastKnownFileType = sourcecode.c.h; path = ViewController.h; sourceTree = "<group>"; };
		7D082E14224B5B68002B6EC0 /* ViewController.m */ = {isa = PBXFileReference; lastKnownFileType = sourcecode.c.objc; path = ViewController.m; sourceTree = "<group>"; };
		7D082E17224B5B68002B6EC0 /* Base */ = {isa = PBXFileReference; lastKnownFileType = file.storyboard; name = Base; path = Base.lproj/Main.storyboard; sourceTree = "<group>"; };
		7D082E19224B5B6B002B6EC0 /* Assets.xcassets */ = {isa = PBXFileReference; lastKnownFileType = folder.assetcatalog; path = Assets.xcassets; sourceTree = "<group>"; };
		7D082E1C224B5B6B002B6EC0 /* Base */ = {isa = PBXFileReference; lastKnownFileType = file.storyboard; name = Base; path = Base.lproj/LaunchScreen.storyboard; sourceTree = "<group>"; };
		7D082E1E224B5B6B002B6EC0 /* Info.plist */ = {isa = PBXFileReference; lastKnownFileType = text.plist.xml; path = Info.plist; sourceTree = "<group>"; };
		7D082E1F224B5B6B002B6EC0 /* main.m */ = {isa = PBXFileReference; lastKnownFileType = sourcecode.c.objc; path = main.m; sourceTree = "<group>"; };
		7D082E26224B5B95002B6EC0 /* Item.m */ = {isa = PBXFileReference; fileEncoding = 4; lastKnownFileType = sourcecode.c.objc; path = Item.m; sourceTree = "<group>"; };
		7D082E27224B5B96002B6EC0 /* Test.m */ = {isa = PBXFileReference; fileEncoding = 4; lastKnownFileType = sourcecode.c.objc; path = Test.m; sourceTree = "<group>"; };
		7D082E28224B5B96002B6EC0 /* Item.h */ = {isa = PBXFileReference; fileEncoding = 4; lastKnownFileType = sourcecode.c.h; path = Item.h; sourceTree = "<group>"; };
		7D082E29224B5B96002B6EC0 /* Test.h */ = {isa = PBXFileReference; fileEncoding = 4; lastKnownFileType = sourcecode.c.h; path = Test.h; sourceTree = "<group>"; };
		7D082E70224CBFE2002B6EC0 /* Person.h */ = {isa = PBXFileReference; lastKnownFileType = sourcecode.c.h; path = Person.h; sourceTree = "<group>"; };
		7D082E71224CBFE2002B6EC0 /* Person.m */ = {isa = PBXFileReference; lastKnownFileType = sourcecode.c.objc; path = Person.m; sourceTree = "<group>"; };
		7D24ECA9224E1A87009AF201 /* NSObject+JCS_DeepCopy.h */ = {isa = PBXFileReference; lastKnownFileType = sourcecode.c.h; path = "NSObject+JCS_DeepCopy.h"; sourceTree = "<group>"; };
		7D24ECAA224E1A87009AF201 /* NSObject+JCS_DeepCopy.m */ = {isa = PBXFileReference; lastKnownFileType = sourcecode.c.objc; path = "NSObject+JCS_DeepCopy.m"; sourceTree = "<group>"; };
		7D24ECAC22510042009AF201 /* Student.h */ = {isa = PBXFileReference; lastKnownFileType = sourcecode.c.h; path = Student.h; sourceTree = "<group>"; };
		7D24ECAD22510042009AF201 /* Student.m */ = {isa = PBXFileReference; lastKnownFileType = sourcecode.c.objc; path = Student.m; sourceTree = "<group>"; };
		7D24ECAF225100A7009AF201 /* ClassRoom.h */ = {isa = PBXFileReference; lastKnownFileType = sourcecode.c.h; path = ClassRoom.h; sourceTree = "<group>"; };
		7D24ECB0225100A7009AF201 /* ClassRoom.m */ = {isa = PBXFileReference; lastKnownFileType = sourcecode.c.objc; path = ClassRoom.m; sourceTree = "<group>"; };
		7F6A3101BB39D724F856F1A1 /* Pods-CopyTest2.debug.xcconfig */ = {isa = PBXFileReference; includeInIndex = 1; lastKnownFileType = text.xcconfig; name = "Pods-CopyTest2.debug.xcconfig"; path = "Pods/Target Support Files/Pods-CopyTest2/Pods-CopyTest2.debug.xcconfig"; sourceTree = "<group>"; };
		A8FD289F7856EB1954F5B7C0 /* Pods_CopyTest2.framework */ = {isa = PBXFileReference; explicitFileType = wrapper.framework; includeInIndex = 0; path = Pods_CopyTest2.framework; sourceTree = BUILT_PRODUCTS_DIR; };
/* End PBXFileReference section */

/* Begin PBXFrameworksBuildPhase section */
		7D082E0A224B5B68002B6EC0 /* Frameworks */ = {
			isa = PBXFrameworksBuildPhase;
			buildActionMask = 2147483647;
			files = (
				8DC2BE529BED981C5FCD4CA8 /* Pods_CopyTest2.framework in Frameworks */,
			);
			runOnlyForDeploymentPostprocessing = 0;
		};
/* End PBXFrameworksBuildPhase section */

/* Begin PBXGroup section */
		3EF6D98002A91A1660CAF440 /* Frameworks */ = {
			isa = PBXGroup;
			children = (
				A8FD289F7856EB1954F5B7C0 /* Pods_CopyTest2.framework */,
			);
			name = Frameworks;
			sourceTree = "<group>";
		};
		689DE1942BAC123F881AFFF1 /* Pods */ = {
			isa = PBXGroup;
			children = (
				7F6A3101BB39D724F856F1A1 /* Pods-CopyTest2.debug.xcconfig */,
				2C34CB8FE255717E3C98AB2F /* Pods-CopyTest2.release.xcconfig */,
			);
			name = Pods;
			sourceTree = "<group>";
		};
		7D082E04224B5B68002B6EC0 = {
			isa = PBXGroup;
			children = (
				7D082E0F224B5B68002B6EC0 /* CopyTest2 */,
				7D082E0E224B5B68002B6EC0 /* Products */,
				689DE1942BAC123F881AFFF1 /* Pods */,
				3EF6D98002A91A1660CAF440 /* Frameworks */,
			);
			sourceTree = "<group>";
		};
		7D082E0E224B5B68002B6EC0 /* Products */ = {
			isa = PBXGroup;
			children = (
				7D082E0D224B5B68002B6EC0 /* CopyTest2.app */,
			);
			name = Products;
			sourceTree = "<group>";
		};
		7D082E0F224B5B68002B6EC0 /* CopyTest2 */ = {
			isa = PBXGroup;
			children = (
				7D082E28224B5B96002B6EC0 /* Item.h */,
				7D082E26224B5B95002B6EC0 /* Item.m */,
				7D082E70224CBFE2002B6EC0 /* Person.h */,
				7D082E71224CBFE2002B6EC0 /* Person.m */,
				7D24ECAC22510042009AF201 /* Student.h */,
				7D24ECAD22510042009AF201 /* Student.m */,
				7D24ECAF225100A7009AF201 /* ClassRoom.h */,
				7D24ECB0225100A7009AF201 /* ClassRoom.m */,
				7D082E29224B5B96002B6EC0 /* Test.h */,
				7D082E27224B5B96002B6EC0 /* Test.m */,
				7D24ECA9224E1A87009AF201 /* NSObject+JCS_DeepCopy.h */,
				7D24ECAA224E1A87009AF201 /* NSObject+JCS_DeepCopy.m */,
				7D082E10224B5B68002B6EC0 /* AppDelegate.h */,
				7D082E11224B5B68002B6EC0 /* AppDelegate.m */,
				7D082E13224B5B68002B6EC0 /* ViewController.h */,
				7D082E14224B5B68002B6EC0 /* ViewController.m */,
				7D082E16224B5B68002B6EC0 /* Main.storyboard */,
				7D082E19224B5B6B002B6EC0 /* Assets.xcassets */,
				7D082E1B224B5B6B002B6EC0 /* LaunchScreen.storyboard */,
				7D082E1E224B5B6B002B6EC0 /* Info.plist */,
				7D082E1F224B5B6B002B6EC0 /* main.m */,
			);
			path = CopyTest2;
			sourceTree = "<group>";
		};
/* End PBXGroup section */

/* Begin PBXNativeTarget section */
		7D082E0C224B5B68002B6EC0 /* CopyTest2 */ = {
			isa = PBXNativeTarget;
			buildConfigurationList = 7D082E23224B5B6B002B6EC0 /* Build configuration list for PBXNativeTarget "CopyTest2" */;
			buildPhases = (
				887E33A09FFFD1433C96B539 /* [CP] Check Pods Manifest.lock */,
				7D082E09224B5B68002B6EC0 /* Sources */,
				7D082E0A224B5B68002B6EC0 /* Frameworks */,
				7D082E0B224B5B68002B6EC0 /* Resources */,
				5EB7E953A55EA93B7C6CE7BA /* [CP] Embed Pods Frameworks */,
			);
			buildRules = (
			);
			dependencies = (
			);
			name = CopyTest2;
			productName = CopyTest2;
			productReference = 7D082E0D224B5B68002B6EC0 /* CopyTest2.app */;
			productType = "com.apple.product-type.application";
		};
/* End PBXNativeTarget section */

/* Begin PBXProject section */
		7D082E05224B5B68002B6EC0 /* Project object */ = {
			isa = PBXProject;
			attributes = {
				LastUpgradeCheck = 1010;
				ORGANIZATIONNAME = yongping;
				TargetAttributes = {
					7D082E0C224B5B68002B6EC0 = {
						CreatedOnToolsVersion = 10.1;
					};
				};
			};
			buildConfigurationList = 7D082E08224B5B68002B6EC0 /* Build configuration list for PBXProject "CopyTest2" */;
			compatibilityVersion = "Xcode 9.3";
			developmentRegion = en;
			hasScannedForEncodings = 0;
			knownRegions = (
				en,
				Base,
			);
			mainGroup = 7D082E04224B5B68002B6EC0;
			productRefGroup = 7D082E0E224B5B68002B6EC0 /* Products */;
			projectDirPath = "";
			projectRoot = "";
			targets = (
				7D082E0C224B5B68002B6EC0 /* CopyTest2 */,
			);
		};
/* End PBXProject section */

/* Begin PBXResourcesBuildPhase section */
		7D082E0B224B5B68002B6EC0 /* Resources */ = {
			isa = PBXResourcesBuildPhase;
			buildActionMask = 2147483647;
			files = (
				7D082E1D224B5B6B002B6EC0 /* LaunchScreen.storyboard in Resources */,
				7D082E1A224B5B6B002B6EC0 /* Assets.xcassets in Resources */,
				7D082E18224B5B68002B6EC0 /* Main.storyboard in Resources */,
			);
			runOnlyForDeploymentPostprocessing = 0;
		};
/* End PBXResourcesBuildPhase section */

/* Begin PBXShellScriptBuildPhase section */
		5EB7E953A55EA93B7C6CE7BA /* [CP] Embed Pods Frameworks */ = {
			isa = PBXShellScriptBuildPhase;
			buildActionMask = 2147483647;
			files = (
			);
			inputFileListPaths = (
			);
			inputPaths = (
				"${SRCROOT}/Pods/Target Support Files/Pods-CopyTest2/Pods-CopyTest2-frameworks.sh",
				"${BUILT_PRODUCTS_DIR}/BNDeepCopy/BNDeepCopy.framework",
			);
			name = "[CP] Embed Pods Frameworks";
			outputFileListPaths = (
			);
			outputPaths = (
				"${TARGET_BUILD_DIR}/${FRAMEWORKS_FOLDER_PATH}/BNDeepCopy.framework",
			);
			runOnlyForDeploymentPostprocessing = 0;
			shellPath = /bin/sh;
			shellScript = "\"${SRCROOT}/Pods/Target Support Files/Pods-CopyTest2/Pods-CopyTest2-frameworks.sh\"\n";
			showEnvVarsInLog = 0;
		};
		887E33A09FFFD1433C96B539 /* [CP] Check Pods Manifest.lock */ = {
			isa = PBXShellScriptBuildPhase;
			buildActionMask = 2147483647;
			files = (
			);
			inputFileListPaths = (
			);
			inputPaths = (
				"${PODS_PODFILE_DIR_PATH}/Podfile.lock",
				"${PODS_ROOT}/Manifest.lock",
			);
			name = "[CP] Check Pods Manifest.lock";
			outputFileListPaths = (
			);
			outputPaths = (
				"$(DERIVED_FILE_DIR)/Pods-CopyTest2-checkManifestLockResult.txt",
			);
			runOnlyForDeploymentPostprocessing = 0;
			shellPath = /bin/sh;
			shellScript = "diff \"${PODS_PODFILE_DIR_PATH}/Podfile.lock\" \"${PODS_ROOT}/Manifest.lock\" > /dev/null\nif [ $? != 0 ] ; then\n    # print error to STDERR\n    echo \"error: The sandbox is not in sync with the Podfile.lock. Run 'pod install' or update your CocoaPods installation.\" >&2\n    exit 1\nfi\n# This output is used by Xcode 'outputs' to avoid re-running this script phase.\necho \"SUCCESS\" > \"${SCRIPT_OUTPUT_FILE_0}\"\n";
			showEnvVarsInLog = 0;
		};
/* End PBXShellScriptBuildPhase section */

/* Begin PBXSourcesBuildPhase section */
		7D082E09224B5B68002B6EC0 /* Sources */ = {
			isa = PBXSourcesBuildPhase;
			buildActionMask = 2147483647;
			files = (
				7D082E72224CBFE2002B6EC0 /* Person.m in Sources */,
				7D082E2B224B5B96002B6EC0 /* Test.m in Sources */,
				7D082E2A224B5B96002B6EC0 /* Item.m in Sources */,
				7D24ECB1225100A7009AF201 /* ClassRoom.m in Sources */,
				7D24ECAE22510042009AF201 /* Student.m in Sources */,
				7D24ECAB224E1A87009AF201 /* NSObject+JCS_DeepCopy.m in Sources */,
				7D082E15224B5B68002B6EC0 /* ViewController.m in Sources */,
				7D082E20224B5B6B002B6EC0 /* main.m in Sources */,
				7D082E12224B5B68002B6EC0 /* AppDelegate.m in Sources */,
			);
			runOnlyForDeploymentPostprocessing = 0;
		};
/* End PBXSourcesBuildPhase section */

/* Begin PBXVariantGroup section */
		7D082E16224B5B68002B6EC0 /* Main.storyboard */ = {
			isa = PBXVariantGroup;
			children = (
				7D082E17224B5B68002B6EC0 /* Base */,
			);
			name = Main.storyboard;
			sourceTree = "<group>";
		};
		7D082E1B224B5B6B002B6EC0 /* LaunchScreen.storyboard */ = {
			isa = PBXVariantGroup;
			children = (
				7D082E1C224B5B6B002B6EC0 /* Base */,
			);
			name = LaunchScreen.storyboard;
			sourceTree = "<group>";
		};
/* End PBXVariantGroup section */

/* Begin XCBuildConfiguration section */
		7D082E21224B5B6B002B6EC0 /* Debug */ = {
			isa = XCBuildConfiguration;
			buildSettings = {
				ALWAYS_SEARCH_USER_PATHS = NO;
				CLANG_ANALYZER_NONNULL = YES;
				CLANG_ANALYZER_NUMBER_OBJECT_CONVERSION = YES_AGGRESSIVE;
				CLANG_CXX_LANGUAGE_STANDARD = "gnu++14";
				CLANG_CXX_LIBRARY = "libc++";
				CLANG_ENABLE_MODULES = YES;
				CLANG_ENABLE_OBJC_ARC = YES;
				CLANG_ENABLE_OBJC_WEAK = YES;
				CLANG_WARN_BLOCK_CAPTURE_AUTORELEASING = YES;
				CLANG_WARN_BOOL_CONVERSION = YES;
				CLANG_WARN_COMMA = YES;
				CLANG_WARN_CONSTANT_CONVERSION = YES;
				CLANG_WARN_DEPRECATED_OBJC_IMPLEMENTATIONS = YES;
				CLANG_WARN_DIRECT_OBJC_ISA_USAGE = YES_ERROR;
				CLANG_WARN_DOCUMENTATION_COMMENTS = YES;
				CLANG_WARN_EMPTY_BODY = YES;
				CLANG_WARN_ENUM_CONVERSION = YES;
				CLANG_WARN_INFINITE_RECURSION = YES;
				CLANG_WARN_INT_CONVERSION = YES;
				CLANG_WARN_NON_LITERAL_NULL_CONVERSION = YES;
				CLANG_WARN_OBJC_IMPLICIT_RETAIN_SELF = YES;
				CLANG_WARN_OBJC_LITERAL_CONVERSION = YES;
				CLANG_WARN_OBJC_ROOT_CLASS = YES_ERROR;
				CLANG_WARN_RANGE_LOOP_ANALYSIS = YES;
				CLANG_WARN_STRICT_PROTOTYPES = YES;
				CLANG_WARN_SUSPICIOUS_MOVE = YES;
				CLANG_WARN_UNGUARDED_AVAILABILITY = YES_AGGRESSIVE;
				CLANG_WARN_UNREACHABLE_CODE = YES;
				CLANG_WARN__DUPLICATE_METHOD_MATCH = YES;
				CODE_SIGN_IDENTITY = "iPhone Developer";
				COPY_PHASE_STRIP = NO;
				DEBUG_INFORMATION_FORMAT = dwarf;
				ENABLE_STRICT_OBJC_MSGSEND = YES;
				ENABLE_TESTABILITY = YES;
				GCC_C_LANGUAGE_STANDARD = gnu11;
				GCC_DYNAMIC_NO_PIC = NO;
				GCC_NO_COMMON_BLOCKS = YES;
				GCC_OPTIMIZATION_LEVEL = 0;
				GCC_PREPROCESSOR_DEFINITIONS = (
					"DEBUG=1",
					"$(inherited)",
				);
				GCC_WARN_64_TO_32_BIT_CONVERSION = YES;
				GCC_WARN_ABOUT_RETURN_TYPE = YES_ERROR;
				GCC_WARN_UNDECLARED_SELECTOR = YES;
				GCC_WARN_UNINITIALIZED_AUTOS = YES_AGGRESSIVE;
				GCC_WARN_UNUSED_FUNCTION = YES;
				GCC_WARN_UNUSED_VARIABLE = YES;
				IPHONEOS_DEPLOYMENT_TARGET = 12.1;
				MTL_ENABLE_DEBUG_INFO = INCLUDE_SOURCE;
				MTL_FAST_MATH = YES;
				ONLY_ACTIVE_ARCH = YES;
				SDKROOT = iphoneos;
			};
			name = Debug;
		};
		7D082E22224B5B6B002B6EC0 /* Release */ = {
			isa = XCBuildConfiguration;
			buildSettings = {
				ALWAYS_SEARCH_USER_PATHS = NO;
				CLANG_ANALYZER_NONNULL = YES;
				CLANG_ANALYZER_NUMBER_OBJECT_CONVERSION = YES_AGGRESSIVE;
				CLANG_CXX_LANGUAGE_STANDARD = "gnu++14";
				CLANG_CXX_LIBRARY = "libc++";
				CLANG_ENABLE_MODULES = YES;
				CLANG_ENABLE_OBJC_ARC = YES;
				CLANG_ENABLE_OBJC_WEAK = YES;
				CLANG_WARN_BLOCK_CAPTURE_AUTORELEASING = YES;
				CLANG_WARN_BOOL_CONVERSION = YES;
				CLANG_WARN_COMMA = YES;
				CLANG_WARN_CONSTANT_CONVERSION = YES;
				CLANG_WARN_DEPRECATED_OBJC_IMPLEMENTATIONS = YES;
				CLANG_WARN_DIRECT_OBJC_ISA_USAGE = YES_ERROR;
				CLANG_WARN_DOCUMENTATION_COMMENTS = YES;
				CLANG_WARN_EMPTY_BODY = YES;
				CLANG_WARN_ENUM_CONVERSION = YES;
				CLANG_WARN_INFINITE_RECURSION = YES;
				CLANG_WARN_INT_CONVERSION = YES;
				CLANG_WARN_NON_LITERAL_NULL_CONVERSION = YES;
				CLANG_WARN_OBJC_IMPLICIT_RETAIN_SELF = YES;
				CLANG_WARN_OBJC_LITERAL_CONVERSION = YES;
				CLANG_WARN_OBJC_ROOT_CLASS = YES_ERROR;
				CLANG_WARN_RANGE_LOOP_ANALYSIS = YES;
				CLANG_WARN_STRICT_PROTOTYPES = YES;
				CLANG_WARN_SUSPICIOUS_MOVE = YES;
				CLANG_WARN_UNGUARDED_AVAILABILITY = YES_AGGRESSIVE;
				CLANG_WARN_UNREACHABLE_CODE = YES;
				CLANG_WARN__DUPLICATE_METHOD_MATCH = YES;
				CODE_SIGN_IDENTITY = "iPhone Developer";
				COPY_PHASE_STRIP = NO;
				DEBUG_INFORMATION_FORMAT = "dwarf-with-dsym";
				ENABLE_NS_ASSERTIONS = NO;
				ENABLE_STRICT_OBJC_MSGSEND = YES;
				GCC_C_LANGUAGE_STANDARD = gnu11;
				GCC_NO_COMMON_BLOCKS = YES;
				GCC_WARN_64_TO_32_BIT_CONVERSION = YES;
				GCC_WARN_ABOUT_RETURN_TYPE = YES_ERROR;
				GCC_WARN_UNDECLARED_SELECTOR = YES;
				GCC_WARN_UNINITIALIZED_AUTOS = YES_AGGRESSIVE;
				GCC_WARN_UNUSED_FUNCTION = YES;
				GCC_WARN_UNUSED_VARIABLE = YES;
				IPHONEOS_DEPLOYMENT_TARGET = 12.1;
				MTL_ENABLE_DEBUG_INFO = NO;
				MTL_FAST_MATH = YES;
				SDKROOT = iphoneos;
				VALIDATE_PRODUCT = YES;
			};
			name = Release;
		};
		7D082E24224B5B6B002B6EC0 /* Debug */ = {
			isa = XCBuildConfiguration;
			baseConfigurationReference = 7F6A3101BB39D724F856F1A1 /* Pods-CopyTest2.debug.xcconfig */;
			buildSettings = {
				ASSETCATALOG_COMPILER_APPICON_NAME = AppIcon;
				CODE_SIGN_STYLE = Manual;
				DEVELOPMENT_TEAM = S8JBM2NX4M;
				INFOPLIST_FILE = CopyTest2/Info.plist;
				IPHONEOS_DEPLOYMENT_TARGET = 11.1;
				LD_RUNPATH_SEARCH_PATHS = (
					"$(inherited)",
					"@executable_path/Frameworks",
				);
				PRODUCT_BUNDLE_IDENTIFIER = com.ultimavip.dit;
				PRODUCT_NAME = "$(TARGET_NAME)";
				PROVISIONING_PROFILE_SPECIFIER = BlackCard;
				TARGETED_DEVICE_FAMILY = "1,2";
			};
			name = Debug;
		};
		7D082E25224B5B6B002B6EC0 /* Release */ = {
			isa = XCBuildConfiguration;
			baseConfigurationReference = 2C34CB8FE255717E3C98AB2F /* Pods-CopyTest2.release.xcconfig */;
			buildSettings = {
				ASSETCATALOG_COMPILER_APPICON_NAME = AppIcon;
				CODE_SIGN_STYLE = Manual;
				DEVELOPMENT_TEAM = S8JBM2NX4M;
				INFOPLIST_FILE = CopyTest2/Info.plist;
				IPHONEOS_DEPLOYMENT_TARGET = 11.1;
				LD_RUNPATH_SEARCH_PATHS = (
					"$(inherited)",
					"@executable_path/Frameworks",
				);
				PRODUCT_BUNDLE_IDENTIFIER = com.ultimavip.dit;
				PRODUCT_NAME = "$(TARGET_NAME)";
				PROVISIONING_PROFILE_SPECIFIER = BlackCard;
				TARGETED_DEVICE_FAMILY = "1,2";
			};
			name = Release;
		};
/* End XCBuildConfiguration section */

/* Begin XCConfigurationList section */
		7D082E08224B5B68002B6EC0 /* Build configuration list for PBXProject "CopyTest2" */ = {
			isa = XCConfigurationList;
			buildConfigurations = (
				7D082E21224B5B6B002B6EC0 /* Debug */,
				7D082E22224B5B6B002B6EC0 /* Release */,
			);
			defaultConfigurationIsVisible = 0;
			defaultConfigurationName = Release;
		};
		7D082E23224B5B6B002B6EC0 /* Build configuration list for PBXNativeTarget "CopyTest2" */ = {
			isa = XCConfigurationList;
			buildConfigurations = (
				7D082E24224B5B6B002B6EC0 /* Debug */,
				7D082E25224B5B6B002B6EC0 /* Release */,
			);
			defaultConfigurationIsVisible = 0;
			defaultConfigurationName = Release;
		};
/* End XCConfigurationList section */
	};
	rootObject = 7D082E05224B5B68002B6EC0 /* Project object */;
}
